<?xml version="1.0" encoding="utf-8"?>
<Project ToolsVersion="4.0" xmlns="http://schemas.microsoft.com/developer/msbuild/2003">
  <ItemGroup>
    <Filter Include="Source Files">
      <UniqueIdentifier>{4FC737F1-C7A5-4376-A066-2A32D752A2FF}</UniqueIdentifier>
      <Extensions>cpp;c;cc;cxx;c++;cppm;ixx;def;odl;idl;hpj;bat;asm;asmx</Extensions>
    </Filter>
    <Filter Include="Header Files">
      <UniqueIdentifier>{93995380-89BD-4b04-88EB-625FBE52EBFB}</UniqueIdentifier>
      <Extensions>h;hh;hpp;hxx;h++;hm;inl;inc;ipp;xsd</Extensions>
    </Filter>
    <Filter Include="Resource Files">
      <UniqueIdentifier>{67DA6AB6-F800-4c08-8B7A-83BB121AAD01}</UniqueIdentifier>
      <Extensions>rc;ico;cur;bmp;dlg;rc2;rct;bin;rgs;gif;jpg;jpeg;jpe;resx;tiff;tif;png;wav;mfcribbon-ms</Extensions>
    </Filter>
    <Filter Include="Source Files\Server">
      <UniqueIdentifier>{94d30167-c2f1-4c19-ae2a-71c9cfcc3fcf}</UniqueIdentifier>
    </Filter>
  </ItemGroup>
  <ItemGroup>
    <ClCompile Include="Bank_System.cpp">
      <Filter>Source Files\Server</Filter>
    </ClCompile>
    <ClCompile Include="Logger.cpp">
      <Filter>Source Files\Server</Filter>
    </ClCompile>
    <ClCompile Include="Command.h">
      <Filter>Source Files</Filter>
    </ClCompile>
    <ClCompile Include="CommandsManager.cpp">
      <Filter>Source Files</Filter>
    </ClCompile>
    <ClCompile Include="mainProcess.cpp">
      <Filter>Source Files</Filter>
    </ClCompile>
    <ClCompile Include="Account.cpp">
      <Filter>Source Files</Filter>
    </ClCompile>
    <ClCompile Include="basic_functions.cpp">
      <Filter>Source Files</Filter>
    </ClCompile>
    <ClCompile Include="User.cpp">
      <Filter>Source Files</Filter>
    </ClCompile>
    <ClCompile Include="Command.cpp">
      <Filter>Source Files</Filter>
    </ClCompile>
    <ClCompile Include="Audit\Audit.cpp">
      <Filter>Source Files</Filter>
    </ClCompile>
  </ItemGroup>
  <ItemGroup>
    <ClInclude Include="Logger.h">
      <Filter>Source Files\Server</Filter>
    </ClInclude>
    <ClInclude Include="CommandsManager.h">
      <Filter>Source Files\Server</Filter>
    </ClInclude>
    <ClInclude Include="commands\CreateDBCommand.h">
      <Filter>Header Files</Filter>
    </ClInclude>
    <ClInclude Include="commands\RegisterUserCommand.h">
      <Filter>Header Files</Filter>
    </ClInclude>
    <ClInclude Include="commands\PrintUserListCommand.h">
      <Filter>Header Files</Filter>
    </ClInclude>
    <ClInclude Include="mainProcess.h">
      <Filter>Header Files</Filter>
    </ClInclude>
    <ClInclude Include="processCommands\getSId.h">
      <Filter>Header Files</Filter>
    </ClInclude>
    <ClInclude Include="commands\userLoginCommand.h">
      <Filter>Header Files</Filter>
    </ClInclude>
    <ClInclude Include="Account.h">
      <Filter>Header Files</Filter>
    </ClInclude>
    <ClInclude Include="basic_functions.h">
      <Filter>Header Files</Filter>
    </ClInclude>
    <ClInclude Include="commands\getSessionIdCommand.h">
      <Filter>Header Files</Filter>
    </ClInclude>
    <ClInclude Include="commands\NewAccountCommand.h">
      <Filter>Header Files</Filter>
    </ClInclude>
    <ClInclude Include="commands\PrintAccountListCommand.h">
      <Filter>Header Files</Filter>
    </ClInclude>
    <ClInclude Include="User.h">
      <Filter>Header Files</Filter>
    </ClInclude>
    <ClInclude Include="commands\AccountVerifyCommand.h">
      <Filter>Header Files</Filter>
    </ClInclude>
    <ClInclude Include="commands\AccountBanCommand.h">
      <Filter>Header Files</Filter>
    </ClInclude>
    <ClInclude Include="commands\userLogoutCommand.h">
      <Filter>Header Files</Filter>
    </ClInclude>
    <ClInclude Include="commands\UserInfoCommand.h">
      <Filter>Header Files</Filter>
    </ClInclude>
    <ClInclude Include="commands\DebugOnCommand.h">
      <Filter>Header Files</Filter>
    </ClInclude>
    <ClInclude Include="commands\UnitTestCommand.h">
      <Filter>Header Files</Filter>
    </ClInclude>
    <ClInclude Include="Audit\Audit.h">
      <Filter>Header Files</Filter>
    </ClInclude>
    <ClInclude Include="commands\DEBUG\DEBUG_setAccountCurrencyCommand.h">
      <Filter>Header Files</Filter>
    </ClInclude>
    <ClInclude Include="commands\DEBUG\DEBUG_removeDBCommand.h">
      <Filter>Header Files</Filter>
    </ClInclude>
    <ClInclude Include="commands\AccountInfoCommand.h">
      <Filter>Header Files</Filter>
    </ClInclude>
    <ClInclude Include="commands\SetAccountComand.h">
      <Filter>Header Files</Filter>
    </ClInclude>
    <ClInclude Include="commands\TransactionRequestCommand.h">
      <Filter>Header Files</Filter>
    </ClInclude>
    <ClInclude Include="LogEye.h">
      <Filter>Header Files</Filter>
    </ClInclude>
  </ItemGroup>
</Project>